
Microsoft Visual Studio Solution File, Format Version 12.00
# Visual Studio Version 16
VisualStudioVersion = 16.0.30907.101
MinimumVisualStudioVersion = 10.0.40219.1
Project("{FAE04EC0-301F-11D3-BF4B-00C04F79EFBC}") = "LookUp.Api", "LookUp.Api\LookUp.Api.csproj", "{48E038F9-DEAE-43E8-8D6D-79E503614744}"
EndProject
Global
	GlobalSection(SolutionConfigurationPlatforms) = preSolution
		Debug|Any CPU = Debug|Any CPU
		Release|Any CPU = Release|Any CPU
	EndGlobalSection
	GlobalSection(ProjectConfigurationPlatforms) = postSolution
		{48E038F9-DEAE-43E8-8D6D-79E503614744}.Debug|Any CPU.ActiveCfg = Debug|Any CPU
		{48E038F9-DEAE-43E8-8D6D-79E503614744}.Debug|Any CPU.Build.0 = Debug|Any CPU
		{48E038F9-DEAE-43E8-8D6D-79E503614744}.Release|Any CPU.ActiveCfg = Release|Any CPU
		{48E038F9-DEAE-43E8-8D6D-79E503614744}.Release|Any CPU.Build.0 = Release|Any CPU
	EndGlobalSection
	GlobalSection(SolutionProperties) = preSolution
		HideSolutionNode = FALSE
	EndGlobalSection
	GlobalSection(ExtensibilityGlobals) = postSolution
		SolutionGuid = {94D4E1F1-68E2-4736-9886-5A720EA7A3BC}
	EndGlobalSection
EndGlobal
